// !$*UTF8*$!
{
	archiveVersion = 1;
	classes = {
	};
	objectVersion = 55;
	objects = {

/* Begin PBXBuildFile section */
		9B0AEE6E28B849E700317B52 /* littlejohnApp.swift in Sources */ = {isa = PBXBuildFile; fileRef = 9B0AEE6D28B849E700317B52 /* littlejohnApp.swift */; };
		9B0AEE7228B849EA00317B52 /* Assets.xcassets in Resources */ = {isa = PBXBuildFile; fileRef = 9B0AEE7128B849EA00317B52 /* Assets.xcassets */; };
		9B0AEE7528B849EA00317B52 /* Preview Assets.xcassets in Resources */ = {isa = PBXBuildFile; fileRef = 9B0AEE7428B849EA00317B52 /* Preview Assets.xcassets */; };
		9B6D70E528C9BC4A00EB5A83 /* PassKit.framework in Frameworks */ = {isa = PBXBuildFile; fileRef = 9B6D70E428C9BC4A00EB5A83 /* PassKit.framework */; };
		9B6D70E728C9BE8B00EB5A83 /* MainView.swift in Sources */ = {isa = PBXBuildFile; fileRef = 9B6D70E628C9BE8B00EB5A83 /* MainView.swift */; };
		9B6D70EB28C9C39F00EB5A83 /* LocationManager.swift in Sources */ = {isa = PBXBuildFile; fileRef = 9B6D70EA28C9C39F00EB5A83 /* LocationManager.swift */; };
		9B6D70EE28C9C9D500EB5A83 /* CardLibrary.swift in Sources */ = {isa = PBXBuildFile; fileRef = 9B6D70ED28C9C9D500EB5A83 /* CardLibrary.swift */; };
/* End PBXBuildFile section */

/* Begin PBXFileReference section */
		9B0AEE6A28B849E600317B52 /* littlejohn.app */ = {isa = PBXFileReference; explicitFileType = wrapper.application; includeInIndex = 0; path = littlejohn.app; sourceTree = BUILT_PRODUCTS_DIR; };
		9B0AEE6D28B849E700317B52 /* littlejohnApp.swift */ = {isa = PBXFileReference; lastKnownFileType = sourcecode.swift; path = littlejohnApp.swift; sourceTree = "<group>"; };
		9B0AEE7128B849EA00317B52 /* Assets.xcassets */ = {isa = PBXFileReference; lastKnownFileType = folder.assetcatalog; path = Assets.xcassets; sourceTree = "<group>"; };
		9B0AEE7428B849EA00317B52 /* Preview Assets.xcassets */ = {isa = PBXFileReference; lastKnownFileType = folder.assetcatalog; path = "Preview Assets.xcassets"; sourceTree = "<group>"; };
		9B6D70E228C9BC4A00EB5A83 /* littlejohn.entitlements */ = {isa = PBXFileReference; lastKnownFileType = text.plist.entitlements; path = littlejohn.entitlements; sourceTree = "<group>"; };
		9B6D70E428C9BC4A00EB5A83 /* PassKit.framework */ = {isa = PBXFileReference; lastKnownFileType = wrapper.framework; name = PassKit.framework; path = System/Library/Frameworks/PassKit.framework; sourceTree = SDKROOT; };
		9B6D70E628C9BE8B00EB5A83 /* MainView.swift */ = {isa = PBXFileReference; lastKnownFileType = sourcecode.swift; path = MainView.swift; sourceTree = "<group>"; };
		9B6D70EA28C9C39F00EB5A83 /* LocationManager.swift */ = {isa = PBXFileReference; lastKnownFileType = sourcecode.swift; path = LocationManager.swift; sourceTree = "<group>"; };
		9B6D70ED28C9C9D500EB5A83 /* CardLibrary.swift */ = {isa = PBXFileReference; lastKnownFileType = sourcecode.swift; path = CardLibrary.swift; sourceTree = "<group>"; };
/* End PBXFileReference section */

/* Begin PBXFrameworksBuildPhase section */
		9B0AEE6728B849E600317B52 /* Frameworks */ = {
			isa = PBXFrameworksBuildPhase;
			buildActionMask = 2147483647;
			files = (
				9B6D70E528C9BC4A00EB5A83 /* PassKit.framework in Frameworks */,
			);
			runOnlyForDeploymentPostprocessing = 0;
		};
/* End PBXFrameworksBuildPhase section */

/* Begin PBXGroup section */
		9B0AEE6128B849E600317B52 = {
			isa = PBXGroup;
			children = (
				9B0AEE6C28B849E600317B52 /* littlejohn */,
				9B0AEE6B28B849E600317B52 /* Products */,
				9B6D70E328C9BC4A00EB5A83 /* Frameworks */,
			);
			sourceTree = "<group>";
		};
		9B0AEE6B28B849E600317B52 /* Products */ = {
			isa = PBXGroup;
			children = (
				9B0AEE6A28B849E600317B52 /* littlejohn.app */,
			);
			name = Products;
			sourceTree = "<group>";
		};
		9B0AEE6C28B849E600317B52 /* littlejohn */ = {
			isa = PBXGroup;
			children = (
				9B6D70EC28C9C99000EB5A83 /* ViewManagers */,
				9B6D70E228C9BC4A00EB5A83 /* littlejohn.entitlements */,
				9B0AEE6D28B849E700317B52 /* littlejohnApp.swift */,
				9B6D70E628C9BE8B00EB5A83 /* MainView.swift */,
				9B0AEE7128B849EA00317B52 /* Assets.xcassets */,
				9B0AEE7328B849EA00317B52 /* Preview Content */,
			);
			path = littlejohn;
			sourceTree = "<group>";
		};
		9B0AEE7328B849EA00317B52 /* Preview Content */ = {
			isa = PBXGroup;
			children = (
				9B0AEE7428B849EA00317B52 /* Preview Assets.xcassets */,
			);
			path = "Preview Content";
			sourceTree = "<group>";
		};
		9B6D70E328C9BC4A00EB5A83 /* Frameworks */ = {
			isa = PBXGroup;
			children = (
				9B6D70E428C9BC4A00EB5A83 /* PassKit.framework */,
			);
			name = Frameworks;
			sourceTree = "<group>";
		};
		9B6D70EC28C9C99000EB5A83 /* ViewManagers */ = {
			isa = PBXGroup;
			children = (
				9B6D70EA28C9C39F00EB5A83 /* LocationManager.swift */,
				9B6D70ED28C9C9D500EB5A83 /* CardLibrary.swift */,
			);
			path = ViewManagers;
			sourceTree = "<group>";
		};
/* End PBXGroup section */

/* Begin PBXNativeTarget section */
		9B0AEE6928B849E600317B52 /* littlejohn */ = {
			isa = PBXNativeTarget;
			buildConfigurationList = 9B0AEE7828B849EA00317B52 /* Build configuration list for PBXNativeTarget "littlejohn" */;
			buildPhases = (
				9B0AEE6628B849E600317B52 /* Sources */,
				9B0AEE6728B849E600317B52 /* Frameworks */,
				9B0AEE6828B849E600317B52 /* Resources */,
			);
			buildRules = (
			);
			dependencies = (
			);
			name = littlejohn;
			productName = littlejohn;
			productReference = 9B0AEE6A28B849E600317B52 /* littlejohn.app */;
			productType = "com.apple.product-type.application";
		};
/* End PBXNativeTarget section */

/* Begin PBXProject section */
		9B0AEE6228B849E600317B52 /* Project object */ = {
			isa = PBXProject;
			attributes = {
				BuildIndependentTargetsInParallel = 1;
				LastSwiftUpdateCheck = 1340;
				LastUpgradeCheck = 1340;
				TargetAttributes = {
					9B0AEE6928B849E600317B52 = {
						CreatedOnToolsVersion = 13.4.1;
					};
				};
			};
			buildConfigurationList = 9B0AEE6528B849E600317B52 /* Build configuration list for PBXProject "littlejohn" */;
			compatibilityVersion = "Xcode 13.0";
			developmentRegion = en;
			hasScannedForEncodings = 0;
			knownRegions = (
				en,
				Base,
			);
			mainGroup = 9B0AEE6128B849E600317B52;
			productRefGroup = 9B0AEE6B28B849E600317B52 /* Products */;
			projectDirPath = "";
			projectRoot = "";
			targets = (
				9B0AEE6928B849E600317B52 /* littlejohn */,
			);
		};
/* End PBXProject section */

/* Begin PBXResourcesBuildPhase section */
		9B0AEE6828B849E600317B52 /* Resources */ = {
			isa = PBXResourcesBuildPhase;
			buildActionMask = 2147483647;
			files = (
				9B0AEE7528B849EA00317B52 /* Preview Assets.xcassets in Resources */,
				9B0AEE7228B849EA00317B52 /* Assets.xcassets in Resources */,
			);
			runOnlyForDeploymentPostprocessing = 0;
		};
/* End PBXResourcesBuildPhase section */

/* Begin PBXSourcesBuildPhase section */
		9B0AEE6628B849E600317B52 /* Sources */ = {
			isa = PBXSourcesBuildPhase;
			buildActionMask = 2147483647;
			files = (
				9B0AEE6E28B849E700317B52 /* littlejohnApp.swift in Sources */,
				9B6D70EE28C9C9D500EB5A83 /* CardLibrary.swift in Sources */,
				9B6D70E728C9BE8B00EB5A83 /* MainView.swift in Sources */,
				9B6D70EB28C9C39F00EB5A83 /* LocationManager.swift in Sources */,
			);
			runOnlyForDeploymentPostprocessing = 0;
		};
/* End PBXSourcesBuildPhase section */

/* Begin XCBuildConfiguration section */
		9B0AEE7628B849EA00317B52 /* Debug */ = {
			isa = XCBuildConfiguration;
			buildSettings = {
				ALWAYS_SEARCH_USER_PATHS = NO;
				CLANG_ANALYZER_NONNULL = YES;
				CLANG_ANALYZER_NUMBER_OBJECT_CONVERSION = YES_AGGRESSIVE;
				CLANG_CXX_LANGUAGE_STANDARD = "gnu++17";
				CLANG_ENABLE_MODULES = YES;
				CLANG_ENABLE_OBJC_ARC = YES;
				CLANG_ENABLE_OBJC_WEAK = YES;
				CLANG_WARN_BLOCK_CAPTURE_AUTORELEASING = YES;
				CLANG_WARN_BOOL_CONVERSION = YES;
				CLANG_WARN_COMMA = YES;
				CLANG_WARN_CONSTANT_CONVERSION = YES;
				CLANG_WARN_DEPRECATED_OBJC_IMPLEMENTATIONS = YES;
				CLANG_WARN_DIRECT_OBJC_ISA_USAGE = YES_ERROR;
				CLANG_WARN_DOCUMENTATION_COMMENTS = YES;
				CLANG_WARN_EMPTY_BODY = YES;
				CLANG_WARN_ENUM_CONVERSION = YES;
				CLANG_WARN_INFINITE_RECURSION = YES;
				CLANG_WARN_INT_CONVERSION = YES;
				CLANG_WARN_NON_LITERAL_NULL_CONVERSION = YES;
				CLANG_WARN_OBJC_IMPLICIT_RETAIN_SELF = YES;
				CLANG_WARN_OBJC_LITERAL_CONVERSION = YES;
				CLANG_WARN_OBJC_ROOT_CLASS = YES_ERROR;
				CLANG_WARN_QUOTED_INCLUDE_IN_FRAMEWORK_HEADER = YES;
				CLANG_WARN_RANGE_LOOP_ANALYSIS = YES;
				CLANG_WARN_STRICT_PROTOTYPES = YES;
				CLANG_WARN_SUSPICIOUS_MOVE = YES;
				CLANG_WARN_UNGUARDED_AVAILABILITY = YES_AGGRESSIVE;
				CLANG_WARN_UNREACHABLE_CODE = YES;
				CLANG_WARN__DUPLICATE_METHOD_MATCH = YES;
				COPY_PHASE_STRIP = NO;
				DEBUG_INFORMATION_FORMAT = dwarf;
				ENABLE_STRICT_OBJC_MSGSEND = YES;
				ENABLE_TESTABILITY = YES;
				GCC_C_LANGUAGE_STANDARD = gnu11;
				GCC_DYNAMIC_NO_PIC = NO;
				GCC_NO_COMMON_BLOCKS = YES;
				GCC_OPTIMIZATION_LEVEL = 0;
				GCC_PREPROCESSOR_DEFINITIONS = (
					"DEBUG=1",
					"$(inherited)",
				);
				GCC_WARN_64_TO_32_BIT_CONVERSION = YES;
				GCC_WARN_ABOUT_RETURN_TYPE = YES_ERROR;
				GCC_WARN_UNDECLARED_SELECTOR = YES;
				GCC_WARN_UNINITIALIZED_AUTOS = YES_AGGRESSIVE;
				GCC_WARN_UNUSED_FUNCTION = YES;
				GCC_WARN_UNUSED_VARIABLE = YES;
				IPHONEOS_DEPLOYMENT_TARGET = 15.5;
				MTL_ENABLE_DEBUG_INFO = INCLUDE_SOURCE;
				MTL_FAST_MATH = YES;
				ONLY_ACTIVE_ARCH = YES;
				SDKROOT = iphoneos;
				SWIFT_ACTIVE_COMPILATION_CONDITIONS = DEBUG;
				SWIFT_OPTIMIZATION_LEVEL = "-Onone";
			};
			name = Debug;
		};
		9B0AEE7728B849EA00317B52 /* Release */ = {
			isa = XCBuildConfiguration;
			buildSettings = {
				ALWAYS_SEARCH_USER_PATHS = NO;
				CLANG_ANALYZER_NONNULL = YES;
				CLANG_ANALYZER_NUMBER_OBJECT_CONVERSION = YES_AGGRESSIVE;
				CLANG_CXX_LANGUAGE_STANDARD = "gnu++17";
				CLANG_ENABLE_MODULES = YES;
				CLANG_ENABLE_OBJC_ARC = YES;
				CLANG_ENABLE_OBJC_WEAK = YES;
				CLANG_WARN_BLOCK_CAPTURE_AUTORELEASING = YES;
				CLANG_WARN_BOOL_CONVERSION = YES;
				CLANG_WARN_COMMA = YES;
				CLANG_WARN_CONSTANT_CONVERSION = YES;
				CLANG_WARN_DEPRECATED_OBJC_IMPLEMENTATIONS = YES;
				CLANG_WARN_DIRECT_OBJC_ISA_USAGE = YES_ERROR;
				CLANG_WARN_DOCUMENTATION_COMMENTS = YES;
				CLANG_WARN_EMPTY_BODY = YES;
				CLANG_WARN_ENUM_CONVERSION = YES;
				CLANG_WARN_INFINITE_RECURSION = YES;
				CLANG_WARN_INT_CONVERSION = YES;
				CLANG_WARN_NON_LITERAL_NULL_CONVERSION = YES;
				CLANG_WARN_OBJC_IMPLICIT_RETAIN_SELF = YES;
				CLANG_WARN_OBJC_LITERAL_CONVERSION = YES;
				CLANG_WARN_OBJC_ROOT_CLASS = YES_ERROR;
				CLANG_WARN_QUOTED_INCLUDE_IN_FRAMEWORK_HEADER = YES;
				CLANG_WARN_RANGE_LOOP_ANALYSIS = YES;
				CLANG_WARN_STRICT_PROTOTYPES = YES;
				CLANG_WARN_SUSPICIOUS_MOVE = YES;
				CLANG_WARN_UNGUARDED_AVAILABILITY = YES_AGGRESSIVE;
				CLANG_WARN_UNREACHABLE_CODE = YES;
				CLANG_WARN__DUPLICATE_METHOD_MATCH = YES;
				COPY_PHASE_STRIP = NO;
				DEBUG_INFORMATION_FORMAT = "dwarf-with-dsym";
				ENABLE_NS_ASSERTIONS = NO;
				ENABLE_STRICT_OBJC_MSGSEND = YES;
				GCC_C_LANGUAGE_STANDARD = gnu11;
				GCC_NO_COMMON_BLOCKS = YES;
				GCC_WARN_64_TO_32_BIT_CONVERSION = YES;
				GCC_WARN_ABOUT_RETURN_TYPE = YES_ERROR;
				GCC_WARN_UNDECLARED_SELECTOR = YES;
				GCC_WARN_UNINITIALIZED_AUTOS = YES_AGGRESSIVE;
				GCC_WARN_UNUSED_FUNCTION = YES;
				GCC_WARN_UNUSED_VARIABLE = YES;
				IPHONEOS_DEPLOYMENT_TARGET = 15.5;
				MTL_ENABLE_DEBUG_INFO = NO;
				MTL_FAST_MATH = YES;
				SDKROOT = iphoneos;
				SWIFT_COMPILATION_MODE = wholemodule;
				SWIFT_OPTIMIZATION_LEVEL = "-O";
				VALIDATE_PRODUCT = YES;
			};
			name = Release;
		};
		9B0AEE7928B849EA00317B52 /* Debug */ = {
			isa = XCBuildConfiguration;
			buildSettings = {
				ASSETCATALOG_COMPILER_APPICON_NAME = AppIcon;
				ASSETCATALOG_COMPILER_GLOBAL_ACCENT_COLOR_NAME = AccentColor;
				CODE_SIGN_ENTITLEMENTS = littlejohn/littlejohn.entitlements;
				CODE_SIGN_STYLE = Automatic;
				CURRENT_PROJECT_VERSION = 1;
				DEVELOPMENT_ASSET_PATHS = "\"littlejohn/Preview Content\"";
				DEVELOPMENT_TEAM = 8QAU9CM882;
				ENABLE_PREVIEWS = YES;
				GENERATE_INFOPLIST_FILE = YES;
				INFOPLIST_KEY_UIApplicationSceneManifest_Generation = YES;
				INFOPLIST_KEY_UIApplicationSupportsIndirectInputEvents = YES;
				INFOPLIST_KEY_UILaunchScreen_Generation = YES;
				INFOPLIST_KEY_UISupportedInterfaceOrientations_iPad = "UIInterfaceOrientationPortrait UIInterfaceOrientationPortraitUpsideDown UIInterfaceOrientationLandscapeLeft UIInterfaceOrientationLandscapeRight";
				INFOPLIST_KEY_UISupportedInterfaceOrientations_iPhone = "UIInterfaceOrientationPortrait UIInterfaceOrientationLandscapeLeft UIInterfaceOrientationLandscapeRight";
				LD_RUNPATH_SEARCH_PATHS = (
					"$(inherited)",
					"@executable_path/Frameworks",
				);
				MARKETING_VERSION = 1.0;
				PRODUCT_BUNDLE_IDENTIFIER = com.dante.littlejohn;
				PRODUCT_NAME = "$(TARGET_NAME)";
				SWIFT_EMIT_LOC_STRINGS = YES;
				SWIFT_VERSION = 5.0;
				TARGETED_DEVICE_FAMILY = "1,2";
			};
			name = Debug;
		};
		9B0AEE7A28B849EA00317B52 /* Release */ = {
			isa = XCBuildConfiguration;
			buildSettings = {
				ASSETCATALOG_COMPILER_APPICON_NAME = AppIcon;
				ASSETCATALOG_COMPILER_GLOBAL_ACCENT_COLOR_NAME = AccentColor;
				CODE_SIGN_ENTITLEMENTS = littlejohn/littlejohn.entitlements;
				CODE_SIGN_STYLE = Automatic;
				CURRENT_PROJECT_VERSION = 1;
				DEVELOPMENT_ASSET_PATHS = "\"littlejohn/Preview Content\"";
				DEVELOPMENT_TEAM = 8QAU9CM882;
				ENABLE_PREVIEWS = YES;
				GENERATE_INFOPLIST_FILE = YES;
				INFOPLIST_KEY_UIApplicationSceneManifest_Generation = YES;
				INFOPLIST_KEY_UIApplicationSupportsIndirectInputEvents = YES;
				INFOPLIST_KEY_UILaunchScreen_Generation = YES;
				INFOPLIST_KEY_UISupportedInterfaceOrientations_iPad = "UIInterfaceOrientationPortrait UIInterfaceOrientationPortraitUpsideDown UIInterfaceOrientationLandscapeLeft UIInterfaceOrientationLandscapeRight";
				INFOPLIST_KEY_UISupportedInterfaceOrientations_iPhone = "UIInterfaceOrientationPortrait UIInterfaceOrientationLandscapeLeft UIInterfaceOrientationLandscapeRight";
				LD_RUNPATH_SEARCH_PATHS = (
					"$(inherited)",
					"@executable_path/Frameworks",
				);
				MARKETING_VERSION = 1.0;
				PRODUCT_BUNDLE_IDENTIFIER = com.dante.littlejohn;
				PRODUCT_NAME = "$(TARGET_NAME)";
				SWIFT_EMIT_LOC_STRINGS = YES;
				SWIFT_VERSION = 5.0;
				TARGETED_DEVICE_FAMILY = "1,2";
			};
			name = Release;
		};
/* End XCBuildConfiguration section */

/* Begin XCConfigurationList section */
		9B0AEE6528B849E600317B52 /* Build configuration list for PBXProject "littlejohn" */ = {
			isa = XCConfigurationList;
			buildConfigurations = (
				9B0AEE7628B849EA00317B52 /* Debug */,
				9B0AEE7728B849EA00317B52 /* Release */,
			);
			defaultConfigurationIsVisible = 0;
			defaultConfigurationName = Release;
		};
		9B0AEE7828B849EA00317B52 /* Build configuration list for PBXNativeTarget "littlejohn" */ = {
			isa = XCConfigurationList;
			buildConfigurations = (
				9B0AEE7928B849EA00317B52 /* Debug */,
				9B0AEE7A28B849EA00317B52 /* Release */,
			);
			defaultConfigurationIsVisible = 0;
			defaultConfigurationName = Release;
		};
/* End XCConfigurationList section */
	};
	rootObject = 9B0AEE6228B849E600317B52 /* Project object */;
}
